
Microsoft Visual Studio Solution File, Format Version 12.00
# Visual Studio Version 17
VisualStudioVersion = 17.7.34031.279
MinimumVisualStudioVersion = 10.0.40219.1
Project("{9A19103F-16F7-4668-BE54-9A1E7A4F7556}") = "ConsolePullApp", "ConsolePullApp\ConsolePullApp.csproj", "{CA0BAD7F-12C9-4683-812D-1D6FBDC96A07}"
EndProject
Project("{9A19103F-16F7-4668-BE54-9A1E7A4F7556}") = "ConsolePushApp", "ConsolePushApp\ConsolePushApp.csproj", "{897ECBA2-4A4B-46B5-8FA8-3402D84ED8C6}"
EndProject
Project("{9A19103F-16F7-4668-BE54-9A1E7A4F7556}") = "WebPullApp", "WebPullApp\WebPullApp.csproj", "{CA13FE3D-87A7-46AE-9CD3-788C0463DD5F}"
EndProject
Project("{FAE04EC0-301F-11D3-BF4B-00C04F79EFBC}") = "WebPushApp", "WebPushApp\WebPushApp.csproj", "{6700A5B5-9C86-4B6A-B5A7-2D13CF156B27}"
EndProject
Global
	GlobalSection(SolutionConfigurationPlatforms) = preSolution
		Debug|Any CPU = Debug|Any CPU
		Release|Any CPU = Release|Any CPU
	EndGlobalSection
	GlobalSection(ProjectConfigurationPlatforms) = postSolution
		{CA0BAD7F-12C9-4683-812D-1D6FBDC96A07}.Debug|Any CPU.ActiveCfg = Debug|Any CPU
		{CA0BAD7F-12C9-4683-812D-1D6FBDC96A07}.Debug|Any CPU.Build.0 = Debug|Any CPU
		{CA0BAD7F-12C9-4683-812D-1D6FBDC96A07}.Release|Any CPU.ActiveCfg = Release|Any CPU
		{CA0BAD7F-12C9-4683-812D-1D6FBDC96A07}.Release|Any CPU.Build.0 = Release|Any CPU
		{897ECBA2-4A4B-46B5-8FA8-3402D84ED8C6}.Debug|Any CPU.ActiveCfg = Debug|Any CPU
		{897ECBA2-4A4B-46B5-8FA8-3402D84ED8C6}.Debug|Any CPU.Build.0 = Debug|Any CPU
		{897ECBA2-4A4B-46B5-8FA8-3402D84ED8C6}.Release|Any CPU.ActiveCfg = Release|Any CPU
		{897ECBA2-4A4B-46B5-8FA8-3402D84ED8C6}.Release|Any CPU.Build.0 = Release|Any CPU
		{CA13FE3D-87A7-46AE-9CD3-788C0463DD5F}.Debug|Any CPU.ActiveCfg = Debug|Any CPU
		{CA13FE3D-87A7-46AE-9CD3-788C0463DD5F}.Debug|Any CPU.Build.0 = Debug|Any CPU
		{CA13FE3D-87A7-46AE-9CD3-788C0463DD5F}.Release|Any CPU.ActiveCfg = Release|Any CPU
		{CA13FE3D-87A7-46AE-9CD3-788C0463DD5F}.Release|Any CPU.Build.0 = Release|Any CPU
		{6700A5B5-9C86-4B6A-B5A7-2D13CF156B27}.Debug|Any CPU.ActiveCfg = Debug|Any CPU
		{6700A5B5-9C86-4B6A-B5A7-2D13CF156B27}.Debug|Any CPU.Build.0 = Debug|Any CPU
		{6700A5B5-9C86-4B6A-B5A7-2D13CF156B27}.Release|Any CPU.ActiveCfg = Release|Any CPU
		{6700A5B5-9C86-4B6A-B5A7-2D13CF156B27}.Release|Any CPU.Build.0 = Release|Any CPU
	EndGlobalSection
	GlobalSection(SolutionProperties) = preSolution
		HideSolutionNode = FALSE
	EndGlobalSection
	GlobalSection(ExtensibilityGlobals) = postSolution
		SolutionGuid = {C7A321E5-37DD-46BB-947A-BF9F07524A9A}
	EndGlobalSection
EndGlobal
